#define _CRT_SECURE_NO_WARNINGS
#include<stdio.h>
#include<stdlib.h>
#include<string.h>
#include <math.h>
int main()
{
	double x1, x2, a;
	scanf("%lf", &a);

		for (x1=1.0;;)
		{

			x2 = (x1 + a / x1) / 2.0;//平方根迭代公式
			if (fabs(x1 - x2 )< pow(10,-5))//fabs:绝对值
			{
				printf("%f", x2);
				break;
			}
			x1 = x2;


	}




	return 0;
